
Microsoft Visual Studio Solution File, Format Version 12.00
# Visual Studio 14
VisualStudioVersion = 14.0.24720.0
MinimumVisualStudioVersion = 10.0.40219.1
Project("{FAE04EC0-301F-11D3-BF4B-00C04F79EFBC}") = "CompetenceAssessmentAsset", "CompetenceAssessmentAsset\CompetenceAssessmentAsset.csproj", "{4D1F98C7-6827-4F99-B676-F5C9AF632609}"
EndProject
Project("{FAE04EC0-301F-11D3-BF4B-00C04F79EFBC}") = "CompetenceBasedAdaptionAsset", "CompetenceBasedAdaptionAsset\CompetenceBasedAdaptionAsset.csproj", "{978FE41E-25FD-46B4-AE67-F0A9A180D4D1}"
EndProject
Project("{FAE04EC0-301F-11D3-BF4B-00C04F79EFBC}") = "DomainModelAsset", "DomainModelAsset\DomainModelAsset.csproj", "{58125DD6-A403-4698-810B-5BFAE5ACAFA9}"
EndProject
Project("{FAE04EC0-301F-11D3-BF4B-00C04F79EFBC}") = "TestCompetence", "Test\TestCompetence.csproj", "{14C0BFE8-9DB8-4A5C-B09B-E47F109D6A72}"
EndProject
Project("{FAE04EC0-301F-11D3-BF4B-00C04F79EFBC}") = "DomainModelAsset_Portable", "DomainModelAsset_Portable\DomainModelAsset_Portable.csproj", "{A441FEE9-482A-418E-B046-795B2233B910}"
EndProject
Project("{FAE04EC0-301F-11D3-BF4B-00C04F79EFBC}") = "CompetenceAssessmentAsset_Portable", "CompetenceAssessmentAsset_Portable\CompetenceAssessmentAsset_Portable.csproj", "{03A03A0F-9DB4-48FE-8110-011C307B3E11}"
EndProject
Project("{FAE04EC0-301F-11D3-BF4B-00C04F79EFBC}") = "CompetenceBasedAdaptionAsset_Portable", "CompetenceBasedAdaptionAsset_Portable\CompetenceBasedAdaptionAsset_Portable.csproj", "{DF3CED40-85A8-4D01-B26A-7A75FF310684}"
EndProject
Global
	GlobalSection(SolutionConfigurationPlatforms) = preSolution
		Debug|Any CPU = Debug|Any CPU
		Release|Any CPU = Release|Any CPU
	EndGlobalSection
	GlobalSection(ProjectConfigurationPlatforms) = postSolution
		{4D1F98C7-6827-4F99-B676-F5C9AF632609}.Debug|Any CPU.ActiveCfg = Debug|Any CPU
		{4D1F98C7-6827-4F99-B676-F5C9AF632609}.Debug|Any CPU.Build.0 = Debug|Any CPU
		{4D1F98C7-6827-4F99-B676-F5C9AF632609}.Release|Any CPU.ActiveCfg = Release|Any CPU
		{4D1F98C7-6827-4F99-B676-F5C9AF632609}.Release|Any CPU.Build.0 = Release|Any CPU
		{978FE41E-25FD-46B4-AE67-F0A9A180D4D1}.Debug|Any CPU.ActiveCfg = Debug|Any CPU
		{978FE41E-25FD-46B4-AE67-F0A9A180D4D1}.Debug|Any CPU.Build.0 = Debug|Any CPU
		{978FE41E-25FD-46B4-AE67-F0A9A180D4D1}.Release|Any CPU.ActiveCfg = Release|Any CPU
		{978FE41E-25FD-46B4-AE67-F0A9A180D4D1}.Release|Any CPU.Build.0 = Release|Any CPU
		{58125DD6-A403-4698-810B-5BFAE5ACAFA9}.Debug|Any CPU.ActiveCfg = Debug|Any CPU
		{58125DD6-A403-4698-810B-5BFAE5ACAFA9}.Debug|Any CPU.Build.0 = Debug|Any CPU
		{58125DD6-A403-4698-810B-5BFAE5ACAFA9}.Release|Any CPU.ActiveCfg = Release|Any CPU
		{58125DD6-A403-4698-810B-5BFAE5ACAFA9}.Release|Any CPU.Build.0 = Release|Any CPU
		{14C0BFE8-9DB8-4A5C-B09B-E47F109D6A72}.Debug|Any CPU.ActiveCfg = Debug|Any CPU
		{14C0BFE8-9DB8-4A5C-B09B-E47F109D6A72}.Debug|Any CPU.Build.0 = Debug|Any CPU
		{14C0BFE8-9DB8-4A5C-B09B-E47F109D6A72}.Release|Any CPU.ActiveCfg = Release|Any CPU
		{14C0BFE8-9DB8-4A5C-B09B-E47F109D6A72}.Release|Any CPU.Build.0 = Release|Any CPU
		{A441FEE9-482A-418E-B046-795B2233B910}.Debug|Any CPU.ActiveCfg = Debug|Any CPU
		{A441FEE9-482A-418E-B046-795B2233B910}.Debug|Any CPU.Build.0 = Debug|Any CPU
		{A441FEE9-482A-418E-B046-795B2233B910}.Release|Any CPU.ActiveCfg = Release|Any CPU
		{A441FEE9-482A-418E-B046-795B2233B910}.Release|Any CPU.Build.0 = Release|Any CPU
		{03A03A0F-9DB4-48FE-8110-011C307B3E11}.Debug|Any CPU.ActiveCfg = Debug|Any CPU
		{03A03A0F-9DB4-48FE-8110-011C307B3E11}.Debug|Any CPU.Build.0 = Debug|Any CPU
		{03A03A0F-9DB4-48FE-8110-011C307B3E11}.Release|Any CPU.ActiveCfg = Release|Any CPU
		{03A03A0F-9DB4-48FE-8110-011C307B3E11}.Release|Any CPU.Build.0 = Release|Any CPU
		{DF3CED40-85A8-4D01-B26A-7A75FF310684}.Debug|Any CPU.ActiveCfg = Debug|Any CPU
		{DF3CED40-85A8-4D01-B26A-7A75FF310684}.Debug|Any CPU.Build.0 = Debug|Any CPU
		{DF3CED40-85A8-4D01-B26A-7A75FF310684}.Release|Any CPU.ActiveCfg = Release|Any CPU
		{DF3CED40-85A8-4D01-B26A-7A75FF310684}.Release|Any CPU.Build.0 = Release|Any CPU
	EndGlobalSection
	GlobalSection(SolutionProperties) = preSolution
		HideSolutionNode = FALSE
	EndGlobalSection
EndGlobal
